{
  "nodes": {
    "cl-boundary-kit": {
      "flake": false,
      "locked": {
        "lastModified": 1784980104,
        "narHash": "sha256-TVaLVsz0/Sqp3Xlfzimbk31dEAupPyXtvVOG/+ER2co=",
        "owner": "nerima-lisp",
        "repo": "cl-boundary-kit",
        "rev": "472a38dfbd33792587b2b1f652c53256a189029f",
        "type": "github"
      },
      "original": {
        "owner": "nerima-lisp",
        "repo": "cl-boundary-kit",
        "type": "github"
      }
    },
    "cl-json-kit": {
      "flake": false,
      "locked": {
        "lastModified": 1784983583,
        "narHash": "sha256-e2Y1Ajgtbqnv4xBCtTUdL0gCxlyJyNb3XQzyJsuyR0I=",
        "owner": "nerima-lisp",
        "repo": "cl-json-kit",
        "rev": "62a3164ab812badf7dcbf94f4b4e4eda2ecd5fb1",
        "type": "github"
      },
      "original": {
        "owner": "nerima-lisp",
        "repo": "cl-json-kit",
        "type": "github"
      }
    },
    "cl-log-kit": {
      "flake": false,
      "locked": {
        "lastModified": 1784970884,
        "narHash": "sha256-s0QjIhisf3bLn79+BbYhdyHAxEITdszG0KzCXUkzRFg=",
        "owner": "nerima-lisp",
        "repo": "cl-log-kit",
        "rev": "6c7ce213299be69c40b116205957bb3dbffc30fa",
        "type": "github"
      },
      "original": {
        "owner": "nerima-lisp",
        "repo": "cl-log-kit",
        "type": "github"
      }
    },
    "cl-process-kit": {
      "flake": false,
      "locked": {
        "lastModified": 1784973702,
        "narHash": "sha256-2WLNIsnGPGk9+HzSBwb3NavxvY7sIkwpuYd2Q8MFIKY=",
        "owner": "nerima-lisp",
        "repo": "cl-process-kit",
        "rev": "b02af4f2145bb2987293d489b084e5441e29de48",
        "type": "github"
      },
      "original": {
        "owner": "nerima-lisp",
        "repo": "cl-process-kit",
        "type": "github"
      }
    },
    "cl-prolog": {
      "flake": false,
      "locked": {
        "lastModified": 1784953575,
        "narHash": "sha256-S7SPfYAtSZpAf2vCbEH7GcatfxT7DZV/aSn2OXFVF3Y=",
        "owner": "nerima-lisp",
        "repo": "cl-prolog",
        "rev": "b3275ad2697ebcdcd97f1f9f586426d750d3ddb7",
        "type": "github"
      },
      "original": {
        "owner": "nerima-lisp",
        "repo": "cl-prolog",
        "type": "github"
      }
    },
    "cl-weave": {
      "flake": false,
      "locked": {
        "lastModified": 1784975971,
        "narHash": "sha256-sKdp3H7SI8DaeqTChDX8IE9Fr7YU5Y8FHbclJGFtBMs=",
        "owner": "nerima-lisp",
        "repo": "cl-weave",
        "rev": "81e27d367c0b5d295261d9eb7d9dbca4b7c8ea56",
        "type": "github"
      },
      "original": {
        "owner": "nerima-lisp",
        "repo": "cl-weave",
        "type": "github"
      }
    },
    "nixpkgs": {
      "locked": {
        "lastModified": 1783279667,
        "narHash": "sha256-/NAkDSsve+GNM0Bt6tleJdCGfsTlK89nPjkVOzZMo0s=",
        "owner": "NixOS",
        "repo": "nixpkgs",
        "rev": "f205b5574fd0cb7da5b702a2da51507b7f4fdd1b",
        "type": "github"
      },
      "original": {
        "owner": "NixOS",
        "ref": "nixpkgs-unstable",
        "repo": "nixpkgs",
        "type": "github"
      }
    },
    "root": {
      "inputs": {
        "cl-boundary-kit": "cl-boundary-kit",
        "cl-json-kit": "cl-json-kit",
        "cl-log-kit": "cl-log-kit",
        "cl-process-kit": "cl-process-kit",
        "cl-prolog": "cl-prolog",
        "cl-weave": "cl-weave",
        "nixpkgs": "nixpkgs"
      }
    }
  },
  "root": "root",
  "version": 7
}
